// !$*UTF8*$!
{
	archiveVersion = 1;
	classes = {
	};
	objectVersion = 55;
	objects = {

/* Begin PBXBuildFile section */
		CF26CB5528415DCB00F4A431 /* ScrumdingerApp.swift in Sources */ = {isa = PBXBuildFile; fileRef = CF26CB5428415DCB00F4A431 /* ScrumdingerApp.swift */; };
		CF26CB5728415DCB00F4A431 /* MeetingView.swift in Sources */ = {isa = PBXBuildFile; fileRef = CF26CB5628415DCB00F4A431 /* MeetingView.swift */; };
		CF26CB5C28415DCC00F4A431 /* Preview Assets.xcassets in Resources */ = {isa = PBXBuildFile; fileRef = CF26CB5B28415DCC00F4A431 /* Preview Assets.xcassets */; };
		CF26CB6628415DCD00F4A431 /* ScrumdingerTests.swift in Sources */ = {isa = PBXBuildFile; fileRef = CF26CB6528415DCD00F4A431 /* ScrumdingerTests.swift */; };
		CF26CB7028415DCD00F4A431 /* ScrumdingerUITests.swift in Sources */ = {isa = PBXBuildFile; fileRef = CF26CB6F28415DCD00F4A431 /* ScrumdingerUITests.swift */; };
		CF26CB7228415DCD00F4A431 /* ScrumdingerUITestsLaunchTests.swift in Sources */ = {isa = PBXBuildFile; fileRef = CF26CB7128415DCD00F4A431 /* ScrumdingerUITestsLaunchTests.swift */; };
		CF26CB802849E85A00F4A431 /* Theme.swift in Sources */ = {isa = PBXBuildFile; fileRef = CF26CB7F2849E85A00F4A431 /* Theme.swift */; };
		CF26CB822849F19B00F4A431 /* DailyScrum.swift in Sources */ = {isa = PBXBuildFile; fileRef = CF26CB812849F19B00F4A431 /* DailyScrum.swift */; };
		CF27D8202851430600DBF911 /* ScrumsView.swift in Sources */ = {isa = PBXBuildFile; fileRef = CF27D81F2851430600DBF911 /* ScrumsView.swift */; };
		CFB0787928503AB0009AE582 /* Assets.xcassets in Resources */ = {isa = PBXBuildFile; fileRef = CFB0787828503AB0009AE582 /* Assets.xcassets */; };
		CFB0787B28503B20009AE582 /* CardView.swift in Sources */ = {isa = PBXBuildFile; fileRef = CFB0787A28503B20009AE582 /* CardView.swift */; };
		CFB0787E28504F76009AE582 /* TrailingIconLabelStyle.swift in Sources */ = {isa = PBXBuildFile; fileRef = CFB0787D28504F76009AE582 /* TrailingIconLabelStyle.swift */; };
/* End PBXBuildFile section */

/* Begin PBXContainerItemProxy section */
		CF26CB6228415DCD00F4A431 /* PBXContainerItemProxy */ = {
			isa = PBXContainerItemProxy;
			containerPortal = CF26CB4928415DCB00F4A431 /* Project object */;
			proxyType = 1;
			remoteGlobalIDString = CF26CB5028415DCB00F4A431;
			remoteInfo = Scrumdinger;
		};
		CF26CB6C28415DCD00F4A431 /* PBXContainerItemProxy */ = {
			isa = PBXContainerItemProxy;
			containerPortal = CF26CB4928415DCB00F4A431 /* Project object */;
			proxyType = 1;
			remoteGlobalIDString = CF26CB5028415DCB00F4A431;
			remoteInfo = Scrumdinger;
		};
/* End PBXContainerItemProxy section */

/* Begin PBXFileReference section */
		CF26CB5128415DCB00F4A431 /* Scrumdinger.app */ = {isa = PBXFileReference; explicitFileType = wrapper.application; includeInIndex = 0; path = Scrumdinger.app; sourceTree = BUILT_PRODUCTS_DIR; };
		CF26CB5428415DCB00F4A431 /* ScrumdingerApp.swift */ = {isa = PBXFileReference; lastKnownFileType = sourcecode.swift; path = ScrumdingerApp.swift; sourceTree = "<group>"; };
		CF26CB5628415DCB00F4A431 /* MeetingView.swift */ = {isa = PBXFileReference; lastKnownFileType = sourcecode.swift; path = MeetingView.swift; sourceTree = "<group>"; };
		CF26CB5B28415DCC00F4A431 /* Preview Assets.xcassets */ = {isa = PBXFileReference; lastKnownFileType = folder.assetcatalog; path = "Preview Assets.xcassets"; sourceTree = "<group>"; };
		CF26CB6128415DCD00F4A431 /* ScrumdingerTests.xctest */ = {isa = PBXFileReference; explicitFileType = wrapper.cfbundle; includeInIndex = 0; path = ScrumdingerTests.xctest; sourceTree = BUILT_PRODUCTS_DIR; };
		CF26CB6528415DCD00F4A431 /* ScrumdingerTests.swift */ = {isa = PBXFileReference; lastKnownFileType = sourcecode.swift; path = ScrumdingerTests.swift; sourceTree = "<group>"; };
		CF26CB6B28415DCD00F4A431 /* ScrumdingerUITests.xctest */ = {isa = PBXFileReference; explicitFileType = wrapper.cfbundle; includeInIndex = 0; path = ScrumdingerUITests.xctest; sourceTree = BUILT_PRODUCTS_DIR; };
		CF26CB6F28415DCD00F4A431 /* ScrumdingerUITests.swift */ = {isa = PBXFileReference; lastKnownFileType = sourcecode.swift; path = ScrumdingerUITests.swift; sourceTree = "<group>"; };
		CF26CB7128415DCD00F4A431 /* ScrumdingerUITestsLaunchTests.swift */ = {isa = PBXFileReference; lastKnownFileType = sourcecode.swift; path = ScrumdingerUITestsLaunchTests.swift; sourceTree = "<group>"; };
		CF26CB7F2849E85A00F4A431 /* Theme.swift */ = {isa = PBXFileReference; lastKnownFileType = sourcecode.swift; path = Theme.swift; sourceTree = "<group>"; };
		CF26CB812849F19B00F4A431 /* DailyScrum.swift */ = {isa = PBXFileReference; lastKnownFileType = sourcecode.swift; path = DailyScrum.swift; sourceTree = "<group>"; };
		CF27D81F2851430600DBF911 /* ScrumsView.swift */ = {isa = PBXFileReference; lastKnownFileType = sourcecode.swift; path = ScrumsView.swift; sourceTree = "<group>"; };
		CFB0787828503AB0009AE582 /* Assets.xcassets */ = {isa = PBXFileReference; lastKnownFileType = folder.assetcatalog; name = Assets.xcassets; path = ../../../../../../Downloads/CreatingACardView/Complete/Scrumdinger/Assets.xcassets; sourceTree = "<group>"; };
		CFB0787A28503B20009AE582 /* CardView.swift */ = {isa = PBXFileReference; lastKnownFileType = sourcecode.swift; path = CardView.swift; sourceTree = "<group>"; };
		CFB0787D28504F76009AE582 /* TrailingIconLabelStyle.swift */ = {isa = PBXFileReference; lastKnownFileType = sourcecode.swift; path = TrailingIconLabelStyle.swift; sourceTree = "<group>"; };
/* End PBXFileReference section */

/* Begin PBXFrameworksBuildPhase section */
		CF26CB4E28415DCB00F4A431 /* Frameworks */ = {
			isa = PBXFrameworksBuildPhase;
			buildActionMask = 2147483647;
			files = (
			);
			runOnlyForDeploymentPostprocessing = 0;
		};
		CF26CB5E28415DCD00F4A431 /* Frameworks */ = {
			isa = PBXFrameworksBuildPhase;
			buildActionMask = 2147483647;
			files = (
			);
			runOnlyForDeploymentPostprocessing = 0;
		};
		CF26CB6828415DCD00F4A431 /* Frameworks */ = {
			isa = PBXFrameworksBuildPhase;
			buildActionMask = 2147483647;
			files = (
			);
			runOnlyForDeploymentPostprocessing = 0;
		};
/* End PBXFrameworksBuildPhase section */

/* Begin PBXGroup section */
		CF26CB4828415DCB00F4A431 = {
			isa = PBXGroup;
			children = (
				CF26CB5328415DCB00F4A431 /* Scrumdinger */,
				CF26CB6428415DCD00F4A431 /* ScrumdingerTests */,
				CF26CB6E28415DCD00F4A431 /* ScrumdingerUITests */,
				CF26CB5228415DCB00F4A431 /* Products */,
			);
			sourceTree = "<group>";
		};
		CF26CB5228415DCB00F4A431 /* Products */ = {
			isa = PBXGroup;
			children = (
				CF26CB5128415DCB00F4A431 /* Scrumdinger.app */,
				CF26CB6128415DCD00F4A431 /* ScrumdingerTests.xctest */,
				CF26CB6B28415DCD00F4A431 /* ScrumdingerUITests.xctest */,
			);
			name = Products;
			sourceTree = "<group>";
		};
		CF26CB5328415DCB00F4A431 /* Scrumdinger */ = {
			isa = PBXGroup;
			children = (
				CF26CB5428415DCB00F4A431 /* ScrumdingerApp.swift */,
				CF26CB7E2849E6EB00F4A431 /* Models */,
				CFB0787C28503B27009AE582 /* Views */,
				CFB0787828503AB0009AE582 /* Assets.xcassets */,
				CF26CB5A28415DCC00F4A431 /* Preview Content */,
			);
			path = Scrumdinger;
			sourceTree = "<group>";
		};
		CF26CB5A28415DCC00F4A431 /* Preview Content */ = {
			isa = PBXGroup;
			children = (
				CF26CB5B28415DCC00F4A431 /* Preview Assets.xcassets */,
			);
			path = "Preview Content";
			sourceTree = "<group>";
		};
		CF26CB6428415DCD00F4A431 /* ScrumdingerTests */ = {
			isa = PBXGroup;
			children = (
				CF26CB6528415DCD00F4A431 /* ScrumdingerTests.swift */,
			);
			path = ScrumdingerTests;
			sourceTree = "<group>";
		};
		CF26CB6E28415DCD00F4A431 /* ScrumdingerUITests */ = {
			isa = PBXGroup;
			children = (
				CF26CB6F28415DCD00F4A431 /* ScrumdingerUITests.swift */,
				CF26CB7128415DCD00F4A431 /* ScrumdingerUITestsLaunchTests.swift */,
			);
			path = ScrumdingerUITests;
			sourceTree = "<group>";
		};
		CF26CB7E2849E6EB00F4A431 /* Models */ = {
			isa = PBXGroup;
			children = (
				CF26CB7F2849E85A00F4A431 /* Theme.swift */,
				CF26CB812849F19B00F4A431 /* DailyScrum.swift */,
			);
			path = Models;
			sourceTree = "<group>";
		};
		CFB0787C28503B27009AE582 /* Views */ = {
			isa = PBXGroup;
			children = (
				CF26CB5628415DCB00F4A431 /* MeetingView.swift */,
				CFB0787A28503B20009AE582 /* CardView.swift */,
				CFB0787D28504F76009AE582 /* TrailingIconLabelStyle.swift */,
				CF27D81F2851430600DBF911 /* ScrumsView.swift */,
			);
			path = Views;
			sourceTree = "<group>";
		};
/* End PBXGroup section */

/* Begin PBXNativeTarget section */
		CF26CB5028415DCB00F4A431 /* Scrumdinger */ = {
			isa = PBXNativeTarget;
			buildConfigurationList = CF26CB7528415DCD00F4A431 /* Build configuration list for PBXNativeTarget "Scrumdinger" */;
			buildPhases = (
				CF26CB4D28415DCB00F4A431 /* Sources */,
				CF26CB4E28415DCB00F4A431 /* Frameworks */,
				CF26CB4F28415DCB00F4A431 /* Resources */,
			);
			buildRules = (
			);
			dependencies = (
			);
			name = Scrumdinger;
			productName = Scrumdinger;
			productReference = CF26CB5128415DCB00F4A431 /* Scrumdinger.app */;
			productType = "com.apple.product-type.application";
		};
		CF26CB6028415DCD00F4A431 /* ScrumdingerTests */ = {
			isa = PBXNativeTarget;
			buildConfigurationList = CF26CB7828415DCD00F4A431 /* Build configuration list for PBXNativeTarget "ScrumdingerTests" */;
			buildPhases = (
				CF26CB5D28415DCD00F4A431 /* Sources */,
				CF26CB5E28415DCD00F4A431 /* Frameworks */,
				CF26CB5F28415DCD00F4A431 /* Resources */,
			);
			buildRules = (
			);
			dependencies = (
				CF26CB6328415DCD00F4A431 /* PBXTargetDependency */,
			);
			name = ScrumdingerTests;
			productName = ScrumdingerTests;
			productReference = CF26CB6128415DCD00F4A431 /* ScrumdingerTests.xctest */;
			productType = "com.apple.product-type.bundle.unit-test";
		};
		CF26CB6A28415DCD00F4A431 /* ScrumdingerUITests */ = {
			isa = PBXNativeTarget;
			buildConfigurationList = CF26CB7B28415DCD00F4A431 /* Build configuration list for PBXNativeTarget "ScrumdingerUITests" */;
			buildPhases = (
				CF26CB6728415DCD00F4A431 /* Sources */,
				CF26CB6828415DCD00F4A431 /* Frameworks */,
				CF26CB6928415DCD00F4A431 /* Resources */,
			);
			buildRules = (
			);
			dependencies = (
				CF26CB6D28415DCD00F4A431 /* PBXTargetDependency */,
			);
			name = ScrumdingerUITests;
			productName = ScrumdingerUITests;
			productReference = CF26CB6B28415DCD00F4A431 /* ScrumdingerUITests.xctest */;
			productType = "com.apple.product-type.bundle.ui-testing";
		};
/* End PBXNativeTarget section */

/* Begin PBXProject section */
		CF26CB4928415DCB00F4A431 /* Project object */ = {
			isa = PBXProject;
			attributes = {
				BuildIndependentTargetsInParallel = 1;
				LastSwiftUpdateCheck = 1340;
				LastUpgradeCheck = 1340;
				TargetAttributes = {
					CF26CB5028415DCB00F4A431 = {
						CreatedOnToolsVersion = 13.4;
					};
					CF26CB6028415DCD00F4A431 = {
						CreatedOnToolsVersion = 13.4;
						TestTargetID = CF26CB5028415DCB00F4A431;
					};
					CF26CB6A28415DCD00F4A431 = {
						CreatedOnToolsVersion = 13.4;
						TestTargetID = CF26CB5028415DCB00F4A431;
					};
				};
			};
			buildConfigurationList = CF26CB4C28415DCB00F4A431 /* Build configuration list for PBXProject "Scrumdinger" */;
			compatibilityVersion = "Xcode 13.0";
			developmentRegion = en;
			hasScannedForEncodings = 0;
			knownRegions = (
				en,
				Base,
			);
			mainGroup = CF26CB4828415DCB00F4A431;
			productRefGroup = CF26CB5228415DCB00F4A431 /* Products */;
			projectDirPath = "";
			projectRoot = "";
			targets = (
				CF26CB5028415DCB00F4A431 /* Scrumdinger */,
				CF26CB6028415DCD00F4A431 /* ScrumdingerTests */,
				CF26CB6A28415DCD00F4A431 /* ScrumdingerUITests */,
			);
		};
/* End PBXProject section */

/* Begin PBXResourcesBuildPhase section */
		CF26CB4F28415DCB00F4A431 /* Resources */ = {
			isa = PBXResourcesBuildPhase;
			buildActionMask = 2147483647;
			files = (
				CF26CB5C28415DCC00F4A431 /* Preview Assets.xcassets in Resources */,
				CFB0787928503AB0009AE582 /* Assets.xcassets in Resources */,
			);
			runOnlyForDeploymentPostprocessing = 0;
		};
		CF26CB5F28415DCD00F4A431 /* Resources */ = {
			isa = PBXResourcesBuildPhase;
			buildActionMask = 2147483647;
			files = (
			);
			runOnlyForDeploymentPostprocessing = 0;
		};
		CF26CB6928415DCD00F4A431 /* Resources */ = {
			isa = PBXResourcesBuildPhase;
			buildActionMask = 2147483647;
			files = (
			);
			runOnlyForDeploymentPostprocessing = 0;
		};
/* End PBXResourcesBuildPhase section */

/* Begin PBXSourcesBuildPhase section */
		CF26CB4D28415DCB00F4A431 /* Sources */ = {
			isa = PBXSourcesBuildPhase;
			buildActionMask = 2147483647;
			files = (
				CF26CB822849F19B00F4A431 /* DailyScrum.swift in Sources */,
				CFB0787E28504F76009AE582 /* TrailingIconLabelStyle.swift in Sources */,
				CF26CB802849E85A00F4A431 /* Theme.swift in Sources */,
				CF27D8202851430600DBF911 /* ScrumsView.swift in Sources */,
				CF26CB5728415DCB00F4A431 /* MeetingView.swift in Sources */,
				CF26CB5528415DCB00F4A431 /* ScrumdingerApp.swift in Sources */,
				CFB0787B28503B20009AE582 /* CardView.swift in Sources */,
			);
			runOnlyForDeploymentPostprocessing = 0;
		};
		CF26CB5D28415DCD00F4A431 /* Sources */ = {
			isa = PBXSourcesBuildPhase;
			buildActionMask = 2147483647;
			files = (
				CF26CB6628415DCD00F4A431 /* ScrumdingerTests.swift in Sources */,
			);
			runOnlyForDeploymentPostprocessing = 0;
		};
		CF26CB6728415DCD00F4A431 /* Sources */ = {
			isa = PBXSourcesBuildPhase;
			buildActionMask = 2147483647;
			files = (
				CF26CB7228415DCD00F4A431 /* ScrumdingerUITestsLaunchTests.swift in Sources */,
				CF26CB7028415DCD00F4A431 /* ScrumdingerUITests.swift in Sources */,
			);
			runOnlyForDeploymentPostprocessing = 0;
		};
/* End PBXSourcesBuildPhase section */

/* Begin PBXTargetDependency section */
		CF26CB6328415DCD00F4A431 /* PBXTargetDependency */ = {
			isa = PBXTargetDependency;
			target = CF26CB5028415DCB00F4A431 /* Scrumdinger */;
			targetProxy = CF26CB6228415DCD00F4A431 /* PBXContainerItemProxy */;
		};
		CF26CB6D28415DCD00F4A431 /* PBXTargetDependency */ = {
			isa = PBXTargetDependency;
			target = CF26CB5028415DCB00F4A431 /* Scrumdinger */;
			targetProxy = CF26CB6C28415DCD00F4A431 /* PBXContainerItemProxy */;
		};
/* End PBXTargetDependency section */

/* Begin XCBuildConfiguration section */
		CF26CB7328415DCD00F4A431 /* Debug */ = {
			isa = XCBuildConfiguration;
			buildSettings = {
				ALWAYS_SEARCH_USER_PATHS = NO;
				CLANG_ANALYZER_NONNULL = YES;
				CLANG_ANALYZER_NUMBER_OBJECT_CONVERSION = YES_AGGRESSIVE;
				CLANG_CXX_LANGUAGE_STANDARD = "gnu++17";
				CLANG_ENABLE_MODULES = YES;
				CLANG_ENABLE_OBJC_ARC = YES;
				CLANG_ENABLE_OBJC_WEAK = YES;
				CLANG_WARN_BLOCK_CAPTURE_AUTORELEASING = YES;
				CLANG_WARN_BOOL_CONVERSION = YES;
				CLANG_WARN_COMMA = YES;
				CLANG_WARN_CONSTANT_CONVERSION = YES;
				CLANG_WARN_DEPRECATED_OBJC_IMPLEMENTATIONS = YES;
				CLANG_WARN_DIRECT_OBJC_ISA_USAGE = YES_ERROR;
				CLANG_WARN_DOCUMENTATION_COMMENTS = YES;
				CLANG_WARN_EMPTY_BODY = YES;
				CLANG_WARN_ENUM_CONVERSION = YES;
				CLANG_WARN_INFINITE_RECURSION = YES;
				CLANG_WARN_INT_CONVERSION = YES;
				CLANG_WARN_NON_LITERAL_NULL_CONVERSION = YES;
				CLANG_WARN_OBJC_IMPLICIT_RETAIN_SELF = YES;
				CLANG_WARN_OBJC_LITERAL_CONVERSION = YES;
				CLANG_WARN_OBJC_ROOT_CLASS = YES_ERROR;
				CLANG_WARN_QUOTED_INCLUDE_IN_FRAMEWORK_HEADER = YES;
				CLANG_WARN_RANGE_LOOP_ANALYSIS = YES;
				CLANG_WARN_STRICT_PROTOTYPES = YES;
				CLANG_WARN_SUSPICIOUS_MOVE = YES;
				CLANG_WARN_UNGUARDED_AVAILABILITY = YES_AGGRESSIVE;
				CLANG_WARN_UNREACHABLE_CODE = YES;
				CLANG_WARN__DUPLICATE_METHOD_MATCH = YES;
				COPY_PHASE_STRIP = NO;
				DEBUG_INFORMATION_FORMAT = dwarf;
				ENABLE_STRICT_OBJC_MSGSEND = YES;
				ENABLE_TESTABILITY = YES;
				GCC_C_LANGUAGE_STANDARD = gnu11;
				GCC_DYNAMIC_NO_PIC = NO;
				GCC_NO_COMMON_BLOCKS = YES;
				GCC_OPTIMIZATION_LEVEL = 0;
				GCC_PREPROCESSOR_DEFINITIONS = (
					"DEBUG=1",
					"$(inherited)",
				);
				GCC_WARN_64_TO_32_BIT_CONVERSION = YES;
				GCC_WARN_ABOUT_RETURN_TYPE = YES_ERROR;
				GCC_WARN_UNDECLARED_SELECTOR = YES;
				GCC_WARN_UNINITIALIZED_AUTOS = YES_AGGRESSIVE;
				GCC_WARN_UNUSED_FUNCTION = YES;
				GCC_WARN_UNUSED_VARIABLE = YES;
				IPHONEOS_DEPLOYMENT_TARGET = 15.5;
				MTL_ENABLE_DEBUG_INFO = INCLUDE_SOURCE;
				MTL_FAST_MATH = YES;
				ONLY_ACTIVE_ARCH = YES;
				SDKROOT = iphoneos;
				SWIFT_ACTIVE_COMPILATION_CONDITIONS = DEBUG;
				SWIFT_OPTIMIZATION_LEVEL = "-Onone";
			};
			name = Debug;
		};
		CF26CB7428415DCD00F4A431 /* Release */ = {
			isa = XCBuildConfiguration;
			buildSettings = {
				ALWAYS_SEARCH_USER_PATHS = NO;
				CLANG_ANALYZER_NONNULL = YES;
				CLANG_ANALYZER_NUMBER_OBJECT_CONVERSION = YES_AGGRESSIVE;
				CLANG_CXX_LANGUAGE_STANDARD = "gnu++17";
				CLANG_ENABLE_MODULES = YES;
				CLANG_ENABLE_OBJC_ARC = YES;
				CLANG_ENABLE_OBJC_WEAK = YES;
				CLANG_WARN_BLOCK_CAPTURE_AUTORELEASING = YES;
				CLANG_WARN_BOOL_CONVERSION = YES;
				CLANG_WARN_COMMA = YES;
				CLANG_WARN_CONSTANT_CONVERSION = YES;
				CLANG_WARN_DEPRECATED_OBJC_IMPLEMENTATIONS = YES;
				CLANG_WARN_DIRECT_OBJC_ISA_USAGE = YES_ERROR;
				CLANG_WARN_DOCUMENTATION_COMMENTS = YES;
				CLANG_WARN_EMPTY_BODY = YES;
				CLANG_WARN_ENUM_CONVERSION = YES;
				CLANG_WARN_INFINITE_RECURSION = YES;
				CLANG_WARN_INT_CONVERSION = YES;
				CLANG_WARN_NON_LITERAL_NULL_CONVERSION = YES;
				CLANG_WARN_OBJC_IMPLICIT_RETAIN_SELF = YES;
				CLANG_WARN_OBJC_LITERAL_CONVERSION = YES;
				CLANG_WARN_OBJC_ROOT_CLASS = YES_ERROR;
				CLANG_WARN_QUOTED_INCLUDE_IN_FRAMEWORK_HEADER = YES;
				CLANG_WARN_RANGE_LOOP_ANALYSIS = YES;
				CLANG_WARN_STRICT_PROTOTYPES = YES;
				CLANG_WARN_SUSPICIOUS_MOVE = YES;
				CLANG_WARN_UNGUARDED_AVAILABILITY = YES_AGGRESSIVE;
				CLANG_WARN_UNREACHABLE_CODE = YES;
				CLANG_WARN__DUPLICATE_METHOD_MATCH = YES;
				COPY_PHASE_STRIP = NO;
				DEBUG_INFORMATION_FORMAT = "dwarf-with-dsym";
				ENABLE_NS_ASSERTIONS = NO;
				ENABLE_STRICT_OBJC_MSGSEND = YES;
				GCC_C_LANGUAGE_STANDARD = gnu11;
				GCC_NO_COMMON_BLOCKS = YES;
				GCC_WARN_64_TO_32_BIT_CONVERSION = YES;
				GCC_WARN_ABOUT_RETURN_TYPE = YES_ERROR;
				GCC_WARN_UNDECLARED_SELECTOR = YES;
				GCC_WARN_UNINITIALIZED_AUTOS = YES_AGGRESSIVE;
				GCC_WARN_UNUSED_FUNCTION = YES;
				GCC_WARN_UNUSED_VARIABLE = YES;
				IPHONEOS_DEPLOYMENT_TARGET = 15.5;
				MTL_ENABLE_DEBUG_INFO = NO;
				MTL_FAST_MATH = YES;
				SDKROOT = iphoneos;
				SWIFT_COMPILATION_MODE = wholemodule;
				SWIFT_OPTIMIZATION_LEVEL = "-O";
				VALIDATE_PRODUCT = YES;
			};
			name = Release;
		};
		CF26CB7628415DCD00F4A431 /* Debug */ = {
			isa = XCBuildConfiguration;
			buildSettings = {
				ASSETCATALOG_COMPILER_APPICON_NAME = AppIcon;
				ASSETCATALOG_COMPILER_GLOBAL_ACCENT_COLOR_NAME = AccentColor;
				CODE_SIGN_STYLE = Automatic;
				CURRENT_PROJECT_VERSION = 1;
				DEVELOPMENT_ASSET_PATHS = "\"Scrumdinger/Preview Content\"";
				DEVELOPMENT_TEAM = 9R25T4JLNG;
				ENABLE_PREVIEWS = YES;
				GENERATE_INFOPLIST_FILE = YES;
				INFOPLIST_KEY_UIApplicationSceneManifest_Generation = YES;
				INFOPLIST_KEY_UIApplicationSupportsIndirectInputEvents = YES;
				INFOPLIST_KEY_UILaunchScreen_Generation = YES;
				INFOPLIST_KEY_UISupportedInterfaceOrientations_iPad = "UIInterfaceOrientationPortrait UIInterfaceOrientationPortraitUpsideDown UIInterfaceOrientationLandscapeLeft UIInterfaceOrientationLandscapeRight";
				INFOPLIST_KEY_UISupportedInterfaceOrientations_iPhone = "UIInterfaceOrientationPortrait UIInterfaceOrientationLandscapeLeft UIInterfaceOrientationLandscapeRight";
				LD_RUNPATH_SEARCH_PATHS = (
					"$(inherited)",
					"@executable_path/Frameworks",
				);
				MARKETING_VERSION = 1.0;
				PRODUCT_BUNDLE_IDENTIFIER = "co.love-scrumdinger.Scrumdinger";
				PRODUCT_NAME = "$(TARGET_NAME)";
				SWIFT_EMIT_LOC_STRINGS = YES;
				SWIFT_VERSION = 5.0;
				TARGETED_DEVICE_FAMILY = "1,2";
			};
			name = Debug;
		};
		CF26CB7728415DCD00F4A431 /* Release */ = {
			isa = XCBuildConfiguration;
			buildSettings = {
				ASSETCATALOG_COMPILER_APPICON_NAME = AppIcon;
				ASSETCATALOG_COMPILER_GLOBAL_ACCENT_COLOR_NAME = AccentColor;
				CODE_SIGN_STYLE = Automatic;
				CURRENT_PROJECT_VERSION = 1;
				DEVELOPMENT_ASSET_PATHS = "\"Scrumdinger/Preview Content\"";
				DEVELOPMENT_TEAM = 9R25T4JLNG;
				ENABLE_PREVIEWS = YES;
				GENERATE_INFOPLIST_FILE = YES;
				INFOPLIST_KEY_UIApplicationSceneManifest_Generation = YES;
				INFOPLIST_KEY_UIApplicationSupportsIndirectInputEvents = YES;
				INFOPLIST_KEY_UILaunchScreen_Generation = YES;
				INFOPLIST_KEY_UISupportedInterfaceOrientations_iPad = "UIInterfaceOrientationPortrait UIInterfaceOrientationPortraitUpsideDown UIInterfaceOrientationLandscapeLeft UIInterfaceOrientationLandscapeRight";
				INFOPLIST_KEY_UISupportedInterfaceOrientations_iPhone = "UIInterfaceOrientationPortrait UIInterfaceOrientationLandscapeLeft UIInterfaceOrientationLandscapeRight";
				LD_RUNPATH_SEARCH_PATHS = (
					"$(inherited)",
					"@executable_path/Frameworks",
				);
				MARKETING_VERSION = 1.0;
				PRODUCT_BUNDLE_IDENTIFIER = "co.love-scrumdinger.Scrumdinger";
				PRODUCT_NAME = "$(TARGET_NAME)";
				SWIFT_EMIT_LOC_STRINGS = YES;
				SWIFT_VERSION = 5.0;
				TARGETED_DEVICE_FAMILY = "1,2";
			};
			name = Release;
		};
		CF26CB7928415DCD00F4A431 /* Debug */ = {
			isa = XCBuildConfiguration;
			buildSettings = {
				ALWAYS_EMBED_SWIFT_STANDARD_LIBRARIES = YES;
				BUNDLE_LOADER = "$(TEST_HOST)";
				CODE_SIGN_STYLE = Automatic;
				CURRENT_PROJECT_VERSION = 1;
				DEVELOPMENT_TEAM = 9R25T4JLNG;
				GENERATE_INFOPLIST_FILE = YES;
				IPHONEOS_DEPLOYMENT_TARGET = 15.5;
				MARKETING_VERSION = 1.0;
				PRODUCT_BUNDLE_IDENTIFIER = "co.love-scrumdinger.ScrumdingerTests";
				PRODUCT_NAME = "$(TARGET_NAME)";
				SWIFT_EMIT_LOC_STRINGS = NO;
				SWIFT_VERSION = 5.0;
				TARGETED_DEVICE_FAMILY = "1,2";
				TEST_HOST = "$(BUILT_PRODUCTS_DIR)/Scrumdinger.app/Scrumdinger";
			};
			name = Debug;
		};
		CF26CB7A28415DCD00F4A431 /* Release */ = {
			isa = XCBuildConfiguration;
			buildSettings = {
				ALWAYS_EMBED_SWIFT_STANDARD_LIBRARIES = YES;
				BUNDLE_LOADER = "$(TEST_HOST)";
				CODE_SIGN_STYLE = Automatic;
				CURRENT_PROJECT_VERSION = 1;
				DEVELOPMENT_TEAM = 9R25T4JLNG;
				GENERATE_INFOPLIST_FILE = YES;
				IPHONEOS_DEPLOYMENT_TARGET = 15.5;
				MARKETING_VERSION = 1.0;
				PRODUCT_BUNDLE_IDENTIFIER = "co.love-scrumdinger.ScrumdingerTests";
				PRODUCT_NAME = "$(TARGET_NAME)";
				SWIFT_EMIT_LOC_STRINGS = NO;
				SWIFT_VERSION = 5.0;
				TARGETED_DEVICE_FAMILY = "1,2";
				TEST_HOST = "$(BUILT_PRODUCTS_DIR)/Scrumdinger.app/Scrumdinger";
			};
			name = Release;
		};
		CF26CB7C28415DCD00F4A431 /* Debug */ = {
			isa = XCBuildConfiguration;
			buildSettings = {
				ALWAYS_EMBED_SWIFT_STANDARD_LIBRARIES = YES;
				CODE_SIGN_STYLE = Automatic;
				CURRENT_PROJECT_VERSION = 1;
				DEVELOPMENT_TEAM = 9R25T4JLNG;
				GENERATE_INFOPLIST_FILE = YES;
				MARKETING_VERSION = 1.0;
				PRODUCT_BUNDLE_IDENTIFIER = "co.love-scrumdinger.ScrumdingerUITests";
				PRODUCT_NAME = "$(TARGET_NAME)";
				SWIFT_EMIT_LOC_STRINGS = NO;
				SWIFT_VERSION = 5.0;
				TARGETED_DEVICE_FAMILY = "1,2";
				TEST_TARGET_NAME = Scrumdinger;
			};
			name = Debug;
		};
		CF26CB7D28415DCD00F4A431 /* Release */ = {
			isa = XCBuildConfiguration;
			buildSettings = {
				ALWAYS_EMBED_SWIFT_STANDARD_LIBRARIES = YES;
				CODE_SIGN_STYLE = Automatic;
				CURRENT_PROJECT_VERSION = 1;
				DEVELOPMENT_TEAM = 9R25T4JLNG;
				GENERATE_INFOPLIST_FILE = YES;
				MARKETING_VERSION = 1.0;
				PRODUCT_BUNDLE_IDENTIFIER = "co.love-scrumdinger.ScrumdingerUITests";
				PRODUCT_NAME = "$(TARGET_NAME)";
				SWIFT_EMIT_LOC_STRINGS = NO;
				SWIFT_VERSION = 5.0;
				TARGETED_DEVICE_FAMILY = "1,2";
				TEST_TARGET_NAME = Scrumdinger;
			};
			name = Release;
		};
/* End XCBuildConfiguration section */

/* Begin XCConfigurationList section */
		CF26CB4C28415DCB00F4A431 /* Build configuration list for PBXProject "Scrumdinger" */ = {
			isa = XCConfigurationList;
			buildConfigurations = (
				CF26CB7328415DCD00F4A431 /* Debug */,
				CF26CB7428415DCD00F4A431 /* Release */,
			);
			defaultConfigurationIsVisible = 0;
			defaultConfigurationName = Release;
		};
		CF26CB7528415DCD00F4A431 /* Build configuration list for PBXNativeTarget "Scrumdinger" */ = {
			isa = XCConfigurationList;
			buildConfigurations = (
				CF26CB7628415DCD00F4A431 /* Debug */,
				CF26CB7728415DCD00F4A431 /* Release */,
			);
			defaultConfigurationIsVisible = 0;
			defaultConfigurationName = Release;
		};
		CF26CB7828415DCD00F4A431 /* Build configuration list for PBXNativeTarget "ScrumdingerTests" */ = {
			isa = XCConfigurationList;
			buildConfigurations = (
				CF26CB7928415DCD00F4A431 /* Debug */,
				CF26CB7A28415DCD00F4A431 /* Release */,
			);
			defaultConfigurationIsVisible = 0;
			defaultConfigurationName = Release;
		};
		CF26CB7B28415DCD00F4A431 /* Build configuration list for PBXNativeTarget "ScrumdingerUITests" */ = {
			isa = XCConfigurationList;
			buildConfigurations = (
				CF26CB7C28415DCD00F4A431 /* Debug */,
				CF26CB7D28415DCD00F4A431 /* Release */,
			);
			defaultConfigurationIsVisible = 0;
			defaultConfigurationName = Release;
		};
/* End XCConfigurationList section */
	};
	rootObject = CF26CB4928415DCB00F4A431 /* Project object */;
}
